# This file was autogenerated by Stack.
# You should not edit this file by hand.
# For more information, please see the documentation at:
#   https://docs.haskellstack.org/en/stable/topics/lock_files

packages:
- completed:
    hackage: opencascade-hs-0.6.1.0@sha256:d4c21232583b8852ba6b41e302791f5412a9cdfe7123c80184290c09d9802483,16024
    pantry-tree:
      sha256: 3f3ede449a90945e3d009a420a69a3f7e49ec8ee6821c9bcface96ac3f39f265
      size: 29736
  original:
    hackage: opencascade-hs-0.6.1.0
- completed:
    hackage: waterfall-cad-0.6.1.0@sha256:12bf5cf4ed379e8a626c67af701fd8369fbe528be7b642d514219d0fd0b5bb68,2425
    pantry-tree:
      sha256: f733649166bc1df83bf57b377608abde01e8d90de839738609d02fd0f9f16e09
      size: 2459
  original:
    hackage: waterfall-cad-0.6.1.0
- completed:
    hackage: waterfall-cad-svg-0.6.1.0@sha256:aa5dec9bdd8baba0dd7b10a4e4b19267f42781c5cc5eac5133bbc4345eebb7e7,1648
    pantry-tree:
      sha256: ddf018a9470c4b11fb58ad80e98e8c90069edb3e28c585f0b3ea3bd37c3a2b81
      size: 459
  original:
    hackage: waterfall-cad-svg-0.6.1.0
snapshots:
- completed:
    sha256: 468e1afa06cd069e57554f10e84fdf1ac5e8893e3eefc503ef837e2449f7e60c
    size: 726310
    url: https://raw.githubusercontent.com/commercialhaskell/stackage-snapshots/master/lts/24/11.yaml
  original:
    url: https://raw.githubusercontent.com/commercialhaskell/stackage-snapshots/master/lts/24/11.yaml
