# This file was autogenerated by Stack.
# You should not edit this file by hand.
# For more information, please see the documentation at:
#   https://docs.haskellstack.org/en/stable/lock_files

packages:
- completed:
    hackage: opencascade-hs-0.6.2.0@sha256:bb4e679670bee45438441f248a900312987a38d84c9fdd4381c392b7ce92e154,16212
    pantry-tree:
      sha256: 2d1412b206fa69c1666d89f07a12e3f7ff328609a24031c6e55f560f68f34315
      size: 30114
  original:
    hackage: opencascade-hs-0.6.2.0
- completed:
    hackage: waterfall-cad-0.6.2.0@sha256:eb782b7bfefd7e195a5608f2e509b0a41c79ad216b1754c1b912f425a0d412da,2425
    pantry-tree:
      sha256: 1e321df33df50f38e306f2aa39edbd3f0fbcc5dfee25f36fa0c39b21ef3a7190
      size: 2460
  original:
    hackage: waterfall-cad-0.6.2.0
- completed:
    hackage: waterfall-cad-svg-0.6.2.0@sha256:2f0e0a1f9dc9eab0df5d3c475e2c9a85da8fa89bfc91e5a5bb0e54831903843e,1637
    pantry-tree:
      sha256: 6fc47057941a9f635a4cbb92eac40d58c3093735ad0961dae62696624f3c2f50
      size: 459
  original:
    hackage: waterfall-cad-svg-0.6.2.0
snapshots:
- completed:
    sha256: 468e1afa06cd069e57554f10e84fdf1ac5e8893e3eefc503ef837e2449f7e60c
    size: 726310
    url: https://raw.githubusercontent.com/commercialhaskell/stackage-snapshots/master/lts/24/11.yaml
  original:
    url: https://raw.githubusercontent.com/commercialhaskell/stackage-snapshots/master/lts/24/11.yaml
